
Microsoft Visual Studio Solution File, Format Version 12.00
Project("{FAE04EC0-301F-11D3-BF4B-00C04F79EFBC}") = "UserApplication", "UserApplication\UserApplication.csproj", "{AC3EC695-CDEC-4E15-9AEC-28579043C9DA}"
EndProject
Project("{FAE04EC0-301F-11D3-BF4B-00C04F79EFBC}") = "BackEndApplication", "BackEndApplication\BackEndApplication.csproj", "{C362388E-6E4F-4EA8-9C0C-0A3E4991404C}"
EndProject
Global
	GlobalSection(SolutionConfigurationPlatforms) = preSolution
		Debug|Any CPU = Debug|Any CPU
		Release|Any CPU = Release|Any CPU
	EndGlobalSection
	GlobalSection(ProjectConfigurationPlatforms) = postSolution
		{AC3EC695-CDEC-4E15-9AEC-28579043C9DA}.Debug|Any CPU.ActiveCfg = Debug|Any CPU
		{AC3EC695-CDEC-4E15-9AEC-28579043C9DA}.Debug|Any CPU.Build.0 = Debug|Any CPU
		{AC3EC695-CDEC-4E15-9AEC-28579043C9DA}.Release|Any CPU.ActiveCfg = Release|Any CPU
		{AC3EC695-CDEC-4E15-9AEC-28579043C9DA}.Release|Any CPU.Build.0 = Release|Any CPU
		{C362388E-6E4F-4EA8-9C0C-0A3E4991404C}.Debug|Any CPU.ActiveCfg = Debug|Any CPU
		{C362388E-6E4F-4EA8-9C0C-0A3E4991404C}.Debug|Any CPU.Build.0 = Debug|Any CPU
		{C362388E-6E4F-4EA8-9C0C-0A3E4991404C}.Release|Any CPU.ActiveCfg = Release|Any CPU
		{C362388E-6E4F-4EA8-9C0C-0A3E4991404C}.Release|Any CPU.Build.0 = Release|Any CPU
	EndGlobalSection
EndGlobal
